
Microsoft Visual Studio Solution File, Format Version 12.00
# Visual Studio Version 17
VisualStudioVersion = 17.4.33122.133
MinimumVisualStudioVersion = 10.0.40219.1
Project("{9A19103F-16F7-4668-BE54-9A1E7A4F7556}") = "TheGame2-Backend", "TheGame2-Web\TheGame2-Backend.csproj", "{DB0277E5-637E-465A-A329-06F5C605B709}"
EndProject
Project("{FAE04EC0-301F-11D3-BF4B-00C04F79EFBC}") = "TheGame2-Frontend", "TheGame2-Frontend\TheGame2-Frontend.csproj", "{D04CCE10-7809-4CB0-8BCD-3C963A846BEC}"
EndProject
Global
	GlobalSection(SolutionConfigurationPlatforms) = preSolution
		Debug|Any CPU = Debug|Any CPU
		Release|Any CPU = Release|Any CPU
	EndGlobalSection
	GlobalSection(ProjectConfigurationPlatforms) = postSolution
		{DB0277E5-637E-465A-A329-06F5C605B709}.Debug|Any CPU.ActiveCfg = Debug|Any CPU
		{DB0277E5-637E-465A-A329-06F5C605B709}.Debug|Any CPU.Build.0 = Debug|Any CPU
		{DB0277E5-637E-465A-A329-06F5C605B709}.Release|Any CPU.ActiveCfg = Release|Any CPU
		{DB0277E5-637E-465A-A329-06F5C605B709}.Release|Any CPU.Build.0 = Release|Any CPU
		{D04CCE10-7809-4CB0-8BCD-3C963A846BEC}.Debug|Any CPU.ActiveCfg = Debug|Any CPU
		{D04CCE10-7809-4CB0-8BCD-3C963A846BEC}.Debug|Any CPU.Build.0 = Debug|Any CPU
		{D04CCE10-7809-4CB0-8BCD-3C963A846BEC}.Release|Any CPU.ActiveCfg = Release|Any CPU
		{D04CCE10-7809-4CB0-8BCD-3C963A846BEC}.Release|Any CPU.Build.0 = Release|Any CPU
	EndGlobalSection
	GlobalSection(SolutionProperties) = preSolution
		HideSolutionNode = FALSE
	EndGlobalSection
	GlobalSection(ExtensibilityGlobals) = postSolution
		SolutionGuid = {F1C402DD-F6E3-4D51-AD20-5BC04F263D59}
	EndGlobalSection
EndGlobal
